<?xml version="1.0" encoding="utf-8"?>
<Project ToolsVersion="4.0" xmlns="http://schemas.microsoft.com/developer/msbuild/2003">
  <ItemGroup>
    <Filter Include="Headers">
      <UniqueIdentifier>{b34314d8-4c9f-4a7d-ae48-f2f5e3d783b6}</UniqueIdentifier>
    </Filter>
    <Filter Include="Lib">
      <UniqueIdentifier>{983490c7-8486-4c78-9811-71ef005a4f66}</UniqueIdentifier>
    </Filter>
    <Filter Include="Map">
      <UniqueIdentifier>{c25172a2-9e24-4fb0-a5ca-0b7fa1766d56}</UniqueIdentifier>
    </Filter>
    <Filter Include="Collision">
      <UniqueIdentifier>{7db0495e-e3b4-4163-91b1-51a1fbbdbcef}</UniqueIdentifier>
    </Filter>
    <Filter Include="Object">
      <UniqueIdentifier>{2db05ad9-bf16-47ab-a160-7e073ff3f253}</UniqueIdentifier>
    </Filter>
    <Filter Include="Icon">
      <UniqueIdentifier>{3db51445-ed5c-452a-a434-bdcd04be4637}</UniqueIdentifier>
    </Filter>
    <Filter Include="OptionWindow">
      <UniqueIdentifier>{71603d99-8ec8-40c4-83c0-f9de262642b5}</UniqueIdentifier>
    </Filter>
    <Filter Include="Knob">
      <UniqueIdentifier>{4188d381-28b7-4d4e-87cf-efb4650d286b}</UniqueIdentifier>
    </Filter>
  </ItemGroup>
  <ItemGroup>
    <ClInclude Include="src\lib\appEnv.hpp">
      <Filter>Headers</Filter>
    </ClInclude>
    <ClInclude Include="src\lib\audio.hpp">
      <Filter>Headers</Filter>
    </ClInclude>
    <ClInclude Include="src\lib\camera2D.hpp">
      <Filter>Headers</Filter>
    </ClInclude>
    <ClInclude Include="src\lib\defines.hpp">
      <Filter>Headers</Filter>
    </ClInclude>
    <ClInclude Include="src\lib\fileUtil.hpp">
      <Filter>Headers</Filter>
    </ClInclude>
    <ClInclude Include="src\lib\font.hpp">
      <Filter>Headers</Filter>
    </ClInclude>
    <ClInclude Include="src\lib\framework.hpp">
      <Filter>Headers</Filter>
    </ClInclude>
    <ClInclude Include="src\lib\gamePad.hpp">
      <Filter>Headers</Filter>
    </ClInclude>
    <ClInclude Include="src\lib\glExt.hpp">
      <Filter>Headers</Filter>
    </ClInclude>
    <ClInclude Include="src\lib\glfwWindow.hpp">
      <Filter>Headers</Filter>
    </ClInclude>
    <ClInclude Include="src\lib\glTexture.hpp">
      <Filter>Headers</Filter>
    </ClInclude>
    <ClInclude Include="src\lib\graph.hpp">
      <Filter>Headers</Filter>
    </ClInclude>
    <ClInclude Include="src\lib\matrix.hpp">
      <Filter>Headers</Filter>
    </ClInclude>
    <ClInclude Include="src\lib\os.hpp">
      <Filter>Headers</Filter>
    </ClInclude>
    <ClInclude Include="src\lib\os_osx.hpp">
      <Filter>Headers</Filter>
    </ClInclude>
    <ClInclude Include="src\lib\os_win.hpp">
      <Filter>Headers</Filter>
    </ClInclude>
    <ClInclude Include="src\lib\png.hpp">
      <Filter>Headers</Filter>
    </ClInclude>
    <ClInclude Include="src\lib\random.hpp">
      <Filter>Headers</Filter>
    </ClInclude>
    <ClInclude Include="src\lib\streaming.hpp">
      <Filter>Headers</Filter>
    </ClInclude>
    <ClInclude Include="src\lib\streamWav.hpp">
      <Filter>Headers</Filter>
    </ClInclude>
    <ClInclude Include="src\lib\texture.hpp">
      <Filter>Headers</Filter>
    </ClInclude>
    <ClInclude Include="src\lib\utils.hpp">
      <Filter>Headers</Filter>
    </ClInclude>
    <ClInclude Include="src\lib\vector.hpp">
      <Filter>Headers</Filter>
    </ClInclude>
    <ClInclude Include="src\lib\wav.hpp">
      <Filter>Headers</Filter>
    </ClInclude>
    <ClInclude Include="src\ScreenMake.h" />
    <ClInclude Include="src\Map.h">
      <Filter>Map</Filter>
    </ClInclude>
    <ClInclude Include="src\Collision.h">
      <Filter>Collision</Filter>
    </ClInclude>
    <ClInclude Include="src\Object.h">
      <Filter>Object</Filter>
    </ClInclude>
    <ClInclude Include="src\Icon.h">
      <Filter>Icon</Filter>
    </ClInclude>
    <ClInclude Include="src\Common.h" />
    <ClInclude Include="src\OptionWindow.h">
      <Filter>OptionWindow</Filter>
    </ClInclude>
    <ClInclude Include="src\Knob.h">
      <Filter>Knob</Filter>
    </ClInclude>
  </ItemGroup>
  <ItemGroup>
    <ClCompile Include="src\lib\appEnv.cpp">
      <Filter>Lib</Filter>
    </ClCompile>
    <ClCompile Include="src\lib\audio.cpp">
      <Filter>Lib</Filter>
    </ClCompile>
    <ClCompile Include="src\lib\camera2D.cpp">
      <Filter>Lib</Filter>
    </ClCompile>
    <ClCompile Include="src\lib\fileUtil.cpp">
      <Filter>Lib</Filter>
    </ClCompile>
    <ClCompile Include="src\lib\font.cpp">
      <Filter>Lib</Filter>
    </ClCompile>
    <ClCompile Include="src\lib\gamePad.cpp">
      <Filter>Lib</Filter>
    </ClCompile>
    <ClCompile Include="src\lib\glExt.cpp">
      <Filter>Lib</Filter>
    </ClCompile>
    <ClCompile Include="src\lib\glfwWindow.cpp">
      <Filter>Lib</Filter>
    </ClCompile>
    <ClCompile Include="src\lib\glTexture.cpp">
      <Filter>Lib</Filter>
    </ClCompile>
    <ClCompile Include="src\lib\graph.cpp">
      <Filter>Lib</Filter>
    </ClCompile>
    <ClCompile Include="src\lib\matrix.cpp">
      <Filter>Lib</Filter>
    </ClCompile>
    <ClCompile Include="src\lib\os_osx.cpp">
      <Filter>Lib</Filter>
    </ClCompile>
    <ClCompile Include="src\lib\os_win.cpp">
      <Filter>Lib</Filter>
    </ClCompile>
    <ClCompile Include="src\lib\png.cpp">
      <Filter>Lib</Filter>
    </ClCompile>
    <ClCompile Include="src\lib\random.cpp">
      <Filter>Lib</Filter>
    </ClCompile>
    <ClCompile Include="src\lib\streaming.cpp">
      <Filter>Lib</Filter>
    </ClCompile>
    <ClCompile Include="src\lib\streamWav.cpp">
      <Filter>Lib</Filter>
    </ClCompile>
    <ClCompile Include="src\lib\texture.cpp">
      <Filter>Lib</Filter>
    </ClCompile>
    <ClCompile Include="src\lib\utils.cpp">
      <Filter>Lib</Filter>
    </ClCompile>
    <ClCompile Include="src\lib\wav.cpp">
      <Filter>Lib</Filter>
    </ClCompile>
    <ClCompile Include="src\main.cpp" />
    <ClCompile Include="src\Map.cpp">
      <Filter>Map</Filter>
    </ClCompile>
    <ClCompile Include="src\Collision.cpp">
      <Filter>Collision</Filter>
    </ClCompile>
    <ClCompile Include="src\Object.cpp">
      <Filter>Object</Filter>
    </ClCompile>
    <ClCompile Include="src\Icon.cpp">
      <Filter>Icon</Filter>
    </ClCompile>
    <ClCompile Include="src\OptionWindow.cpp">
      <Filter>OptionWindow</Filter>
    </ClCompile>
    <ClCompile Include="src\Knob.cpp">
      <Filter>Knob</Filter>
    </ClCompile>
  </ItemGroup>
</Project>