<?xml version="1.0" encoding="utf-8"?>
<Project ToolsVersion="4.0" xmlns="http://schemas.microsoft.com/developer/msbuild/2003">
  <ItemGroup>
    <Filter Include="Headers">
      <UniqueIdentifier>{b34314d8-4c9f-4a7d-ae48-f2f5e3d783b6}</UniqueIdentifier>
    </Filter>
    <Filter Include="Lib">
      <UniqueIdentifier>{983490c7-8486-4c78-9811-71ef005a4f66}</UniqueIdentifier>
    </Filter>
    <Filter Include="Class">
      <UniqueIdentifier>{e18cf31d-62e5-4a64-8029-3674d0eecf50}</UniqueIdentifier>
    </Filter>
    <Filter Include="Class\Map">
      <UniqueIdentifier>{7778860e-e9c7-4eba-93fc-3da4228d52db}</UniqueIdentifier>
    </Filter>
    <Filter Include="Collision">
      <UniqueIdentifier>{05f463a6-3035-4df2-896f-cc4fd554a196}</UniqueIdentifier>
    </Filter>
    <Filter Include="Class\Object">
      <UniqueIdentifier>{aa4f4bae-5a9d-4114-8368-bca12d9eedd4}</UniqueIdentifier>
    </Filter>
    <Filter Include="Class\Object\Wall">
      <UniqueIdentifier>{c62e6d8b-7a06-4598-823c-bfdaafe6b148}</UniqueIdentifier>
    </Filter>
    <Filter Include="Class\Object\Player">
      <UniqueIdentifier>{7a3aed53-9b18-4a4d-8c09-46cc511cdb3c}</UniqueIdentifier>
    </Filter>
    <Filter Include="Scene">
      <UniqueIdentifier>{4d79545d-7790-4508-ba3a-ef6d22b39fce}</UniqueIdentifier>
    </Filter>
    <Filter Include="Scene\Title">
      <UniqueIdentifier>{58a215f5-ddcf-4b4e-98f0-8df57c5a7f5b}</UniqueIdentifier>
    </Filter>
    <Filter Include="Scene\MainGame">
      <UniqueIdentifier>{6d6d2894-bf9d-4c52-9b1d-e4043839e889}</UniqueIdentifier>
    </Filter>
    <Filter Include="Scene\StageSelect">
      <UniqueIdentifier>{0b311fd7-63de-435f-8b01-4dc1f2ee5f2a}</UniqueIdentifier>
    </Filter>
    <Filter Include="Class\Object\Pendulum">
      <UniqueIdentifier>{001ba999-0d89-46bd-a536-d33258ad6e17}</UniqueIdentifier>
    </Filter>
    <Filter Include="Class\Object\Magnet">
      <UniqueIdentifier>{85f6b0eb-1c69-4aaa-8a71-c195a95aed96}</UniqueIdentifier>
    </Filter>
    <Filter Include="Class\Object\Goal">
      <UniqueIdentifier>{c701db2c-ba5c-45f7-958c-eecc28506d55}</UniqueIdentifier>
    </Filter>
    <Filter Include="Scene\Result">
      <UniqueIdentifier>{fb52bb10-2af0-498d-b9f6-ef9d56ed4029}</UniqueIdentifier>
    </Filter>
    <Filter Include="Class\UiBox">
      <UniqueIdentifier>{94c6f9e5-f256-455d-b6dd-230bb6bab445}</UniqueIdentifier>
    </Filter>
    <Filter Include="Easing">
      <UniqueIdentifier>{52d1c4ad-ce7e-4e7a-b3b1-5533ed60ec08}</UniqueIdentifier>
    </Filter>
    <Filter Include="Class\DataRead">
      <UniqueIdentifier>{1782125e-848f-4edf-b2e0-158ef1f399aa}</UniqueIdentifier>
    </Filter>
    <Filter Include="Particle">
      <UniqueIdentifier>{5e78beaa-451d-4c53-8513-b3f53c166053}</UniqueIdentifier>
    </Filter>
    <Filter Include="Class\Object\TutorialWindow">
      <UniqueIdentifier>{b7fb04e1-cff1-4c2e-a034-7ee766ebf52f}</UniqueIdentifier>
    </Filter>
    <Filter Include="ResourceManager">
      <UniqueIdentifier>{aa370920-77a3-4df7-b04b-edb816da0da8}</UniqueIdentifier>
    </Filter>
    <Filter Include="Class\DataRead\StageRead">
      <UniqueIdentifier>{6dc4d7bd-6596-4b94-8a73-a85cf187f51e}</UniqueIdentifier>
    </Filter>
    <Filter Include="Class\DataRead\LogoRead">
      <UniqueIdentifier>{97a3a465-ac27-4002-bbcd-0d2703e504c5}</UniqueIdentifier>
    </Filter>
    <Filter Include="Swipe">
      <UniqueIdentifier>{5589a624-e4a2-40fe-9ea5-129a65919c72}</UniqueIdentifier>
    </Filter>
    <Filter Include="Scene\SceneManager">
      <UniqueIdentifier>{1666b83f-668a-482b-ad54-bd73573850e1}</UniqueIdentifier>
    </Filter>
    <Filter Include="Utility">
      <UniqueIdentifier>{6c2d24c2-21da-4d39-bb6f-3d8fc6944351}</UniqueIdentifier>
    </Filter>
    <Filter Include="Utility\PendulumAction">
      <UniqueIdentifier>{2f0bd999-4ccf-4375-90b4-61e0278f8634}</UniqueIdentifier>
    </Filter>
  </ItemGroup>
  <ItemGroup>
    <ClInclude Include="src\lib\appEnv.hpp">
      <Filter>Headers</Filter>
    </ClInclude>
    <ClInclude Include="src\lib\audio.hpp">
      <Filter>Headers</Filter>
    </ClInclude>
    <ClInclude Include="src\lib\camera2D.hpp">
      <Filter>Headers</Filter>
    </ClInclude>
    <ClInclude Include="src\lib\defines.hpp">
      <Filter>Headers</Filter>
    </ClInclude>
    <ClInclude Include="src\lib\fileUtil.hpp">
      <Filter>Headers</Filter>
    </ClInclude>
    <ClInclude Include="src\lib\font.hpp">
      <Filter>Headers</Filter>
    </ClInclude>
    <ClInclude Include="src\lib\framework.hpp">
      <Filter>Headers</Filter>
    </ClInclude>
    <ClInclude Include="src\lib\gamePad.hpp">
      <Filter>Headers</Filter>
    </ClInclude>
    <ClInclude Include="src\lib\glExt.hpp">
      <Filter>Headers</Filter>
    </ClInclude>
    <ClInclude Include="src\lib\glfwWindow.hpp">
      <Filter>Headers</Filter>
    </ClInclude>
    <ClInclude Include="src\lib\glTexture.hpp">
      <Filter>Headers</Filter>
    </ClInclude>
    <ClInclude Include="src\lib\graph.hpp">
      <Filter>Headers</Filter>
    </ClInclude>
    <ClInclude Include="src\lib\matrix.hpp">
      <Filter>Headers</Filter>
    </ClInclude>
    <ClInclude Include="src\lib\os.hpp">
      <Filter>Headers</Filter>
    </ClInclude>
    <ClInclude Include="src\lib\os_osx.hpp">
      <Filter>Headers</Filter>
    </ClInclude>
    <ClInclude Include="src\lib\os_win.hpp">
      <Filter>Headers</Filter>
    </ClInclude>
    <ClInclude Include="src\lib\png.hpp">
      <Filter>Headers</Filter>
    </ClInclude>
    <ClInclude Include="src\lib\random.hpp">
      <Filter>Headers</Filter>
    </ClInclude>
    <ClInclude Include="src\lib\streaming.hpp">
      <Filter>Headers</Filter>
    </ClInclude>
    <ClInclude Include="src\lib\streamWav.hpp">
      <Filter>Headers</Filter>
    </ClInclude>
    <ClInclude Include="src\lib\texture.hpp">
      <Filter>Headers</Filter>
    </ClInclude>
    <ClInclude Include="src\lib\utils.hpp">
      <Filter>Headers</Filter>
    </ClInclude>
    <ClInclude Include="src\lib\vector.hpp">
      <Filter>Headers</Filter>
    </ClInclude>
    <ClInclude Include="src\lib\wav.hpp">
      <Filter>Headers</Filter>
    </ClInclude>
    <ClInclude Include="src\Player.h">
      <Filter>Class\Object\Player</Filter>
    </ClInclude>
    <ClInclude Include="src\Map.h">
      <Filter>Class\Map</Filter>
    </ClInclude>
    <ClInclude Include="src\Wall.h">
      <Filter>Class\Object\Wall</Filter>
    </ClInclude>
    <ClInclude Include="src\Object.h">
      <Filter>Class\Object</Filter>
    </ClInclude>
    <ClInclude Include="src\SceneBase.h">
      <Filter>Scene</Filter>
    </ClInclude>
    <ClInclude Include="src\MainGame.h">
      <Filter>Scene\MainGame</Filter>
    </ClInclude>
    <ClInclude Include="src\Pendulum.h">
      <Filter>Class\Object\Pendulum</Filter>
    </ClInclude>
    <ClInclude Include="src\Magnet.h">
      <Filter>Class\Object\Magnet</Filter>
    </ClInclude>
    <ClInclude Include="src\Collision.h">
      <Filter>Collision</Filter>
    </ClInclude>
    <ClInclude Include="src\Goal.h">
      <Filter>Class\Object\Goal</Filter>
    </ClInclude>
    <ClInclude Include="src\StageSelect.h">
      <Filter>Scene\StageSelect</Filter>
    </ClInclude>
    <ClInclude Include="src\UiBox.h">
      <Filter>Class\UiBox</Filter>
    </ClInclude>
    <ClInclude Include="src\Easing.h">
      <Filter>Easing</Filter>
    </ClInclude>
    <ClInclude Include="src\Title.h">
      <Filter>Scene\Title</Filter>
    </ClInclude>
    <ClInclude Include="src\Result.h">
      <Filter>Scene\Result</Filter>
    </ClInclude>
    <ClInclude Include="src\Particle.h">
      <Filter>Particle</Filter>
    </ClInclude>
    <ClInclude Include="src\TutorialWindow.h">
      <Filter>Class\Object\TutorialWindow</Filter>
    </ClInclude>
    <ClInclude Include="src\ResourceManager.h">
      <Filter>ResourceManager</Filter>
    </ClInclude>
    <ClInclude Include="src\StageRead.h">
      <Filter>Class\DataRead\StageRead</Filter>
    </ClInclude>
    <ClInclude Include="src\LogoRead.h">
      <Filter>Class\DataRead\LogoRead</Filter>
    </ClInclude>
    <ClInclude Include="src\Swipe.h">
      <Filter>Swipe</Filter>
    </ClInclude>
    <ClInclude Include="src\SceneChanger.h">
      <Filter>Scene</Filter>
    </ClInclude>
    <ClInclude Include="src\SceneManager.h">
      <Filter>Scene\SceneManager</Filter>
    </ClInclude>
    <ClInclude Include="src\StageNum.h">
      <Filter>Class</Filter>
    </ClInclude>
    <ClInclude Include="src\Common.hpp">
      <Filter>Utility</Filter>
    </ClInclude>
    <ClInclude Include="src\common.h">
      <Filter>Utility</Filter>
    </ClInclude>
    <ClInclude Include="src\ScreenMake.h">
      <Filter>Utility</Filter>
    </ClInclude>
    <ClInclude Include="src\Task.h">
      <Filter>Class</Filter>
    </ClInclude>
    <ClInclude Include="src\PendulumAction.h">
      <Filter>Utility\PendulumAction</Filter>
    </ClInclude>
  </ItemGroup>
  <ItemGroup>
    <ClCompile Include="src\lib\appEnv.cpp">
      <Filter>Lib</Filter>
    </ClCompile>
    <ClCompile Include="src\lib\audio.cpp">
      <Filter>Lib</Filter>
    </ClCompile>
    <ClCompile Include="src\lib\camera2D.cpp">
      <Filter>Lib</Filter>
    </ClCompile>
    <ClCompile Include="src\lib\fileUtil.cpp">
      <Filter>Lib</Filter>
    </ClCompile>
    <ClCompile Include="src\lib\font.cpp">
      <Filter>Lib</Filter>
    </ClCompile>
    <ClCompile Include="src\lib\gamePad.cpp">
      <Filter>Lib</Filter>
    </ClCompile>
    <ClCompile Include="src\lib\glExt.cpp">
      <Filter>Lib</Filter>
    </ClCompile>
    <ClCompile Include="src\lib\glfwWindow.cpp">
      <Filter>Lib</Filter>
    </ClCompile>
    <ClCompile Include="src\lib\glTexture.cpp">
      <Filter>Lib</Filter>
    </ClCompile>
    <ClCompile Include="src\lib\graph.cpp">
      <Filter>Lib</Filter>
    </ClCompile>
    <ClCompile Include="src\lib\matrix.cpp">
      <Filter>Lib</Filter>
    </ClCompile>
    <ClCompile Include="src\lib\os_osx.cpp">
      <Filter>Lib</Filter>
    </ClCompile>
    <ClCompile Include="src\lib\os_win.cpp">
      <Filter>Lib</Filter>
    </ClCompile>
    <ClCompile Include="src\lib\png.cpp">
      <Filter>Lib</Filter>
    </ClCompile>
    <ClCompile Include="src\lib\random.cpp">
      <Filter>Lib</Filter>
    </ClCompile>
    <ClCompile Include="src\lib\streaming.cpp">
      <Filter>Lib</Filter>
    </ClCompile>
    <ClCompile Include="src\lib\streamWav.cpp">
      <Filter>Lib</Filter>
    </ClCompile>
    <ClCompile Include="src\lib\texture.cpp">
      <Filter>Lib</Filter>
    </ClCompile>
    <ClCompile Include="src\lib\utils.cpp">
      <Filter>Lib</Filter>
    </ClCompile>
    <ClCompile Include="src\lib\wav.cpp">
      <Filter>Lib</Filter>
    </ClCompile>
    <ClCompile Include="src\Player.cpp">
      <Filter>Class\Object\Player</Filter>
    </ClCompile>
    <ClCompile Include="src\Map.cpp">
      <Filter>Class\Map</Filter>
    </ClCompile>
    <ClCompile Include="src\main.cpp" />
    <ClCompile Include="src\Wall.cpp">
      <Filter>Class\Object\Wall</Filter>
    </ClCompile>
    <ClCompile Include="src\MainGame.cpp">
      <Filter>Scene\MainGame</Filter>
    </ClCompile>
    <ClCompile Include="src\Pendulum.cpp">
      <Filter>Class\Object\Pendulum</Filter>
    </ClCompile>
    <ClCompile Include="src\Magnet.cpp">
      <Filter>Class\Object\Magnet</Filter>
    </ClCompile>
    <ClCompile Include="src\Collsion.cpp">
      <Filter>Collision</Filter>
    </ClCompile>
    <ClCompile Include="src\Goal.cpp">
      <Filter>Class\Object\Goal</Filter>
    </ClCompile>
    <ClCompile Include="src\StageSelect.cpp">
      <Filter>Scene\StageSelect</Filter>
    </ClCompile>
    <ClCompile Include="src\UiBox.cpp">
      <Filter>Class\UiBox</Filter>
    </ClCompile>
    <ClCompile Include="src\Easing.cpp">
      <Filter>Easing</Filter>
    </ClCompile>
    <ClCompile Include="src\Title.cpp">
      <Filter>Scene\Title</Filter>
    </ClCompile>
    <ClCompile Include="src\Result.cpp">
      <Filter>Scene\Result</Filter>
    </ClCompile>
    <ClCompile Include="src\Particle.cpp">
      <Filter>Particle</Filter>
    </ClCompile>
    <ClCompile Include="src\TutorialWindow.cpp">
      <Filter>Class\Object\TutorialWindow</Filter>
    </ClCompile>
    <ClCompile Include="src\ResourceManager.cpp">
      <Filter>ResourceManager</Filter>
    </ClCompile>
    <ClCompile Include="src\StageRead.cpp">
      <Filter>Class\DataRead\StageRead</Filter>
    </ClCompile>
    <ClCompile Include="src\LogoRead.cpp">
      <Filter>Class\DataRead\LogoRead</Filter>
    </ClCompile>
    <ClCompile Include="src\Swipe.cpp">
      <Filter>Swipe</Filter>
    </ClCompile>
    <ClCompile Include="src\SceneManager.cpp">
      <Filter>Scene\SceneManager</Filter>
    </ClCompile>
    <ClCompile Include="src\PendulumAction.cpp">
      <Filter>Utility\PendulumAction</Filter>
    </ClCompile>
  </ItemGroup>
</Project>